
Microsoft Visual Studio Solution File, Format Version 12.00
# Visual Studio Version 17
VisualStudioVersion = 17.0.31903.59
MinimumVisualStudioVersion = 10.0.40219.1
Project("{2150E333-8FDC-42A3-9474-1A3956D46DE8}") = "core", "core", "{4868DF29-3A83-435F-AFAA-BC648BAF1119}"
EndProject
Project("{FAE04EC0-301F-11D3-BF4B-00C04F79EFBC}") = "TaskManager.Application", "core\TaskManager.Application\TaskManager.Application.csproj", "{DC9C8B23-EA74-4F1A-A3BA-4C7D4F2F503D}"
EndProject
Project("{FAE04EC0-301F-11D3-BF4B-00C04F79EFBC}") = "TaskManager.Core", "core\TaskManager.Core\TaskManager.Core.csproj", "{B53C6FC8-6B88-40F0-8EE9-4D1FC381922B}"
EndProject
Project("{FAE04EC0-301F-11D3-BF4B-00C04F79EFBC}") = "TaskManager.Infrastructure", "core\TaskManager.Infrastructure\TaskManager.Infrastructure.csproj", "{FD9DD067-5ECE-4745-B6CE-4EF6E53B3CDA}"
EndProject
Project("{FAE04EC0-301F-11D3-BF4B-00C04F79EFBC}") = "TaskManager.Api", "core\TaskManager.Api\TaskManager.Api.csproj", "{E0DDF07E-C08A-4D45-A316-91F296756787}"
EndProject
Project("{2150E333-8FDC-42A3-9474-1A3956D46DE8}") = "test", "test", "{271BABCE-6A9A-4D37-8D1A-9F024964EB73}"
EndProject
Project("{2150E333-8FDC-42A3-9474-1A3956D46DE8}") = "UnitTests", "UnitTests", "{0600EEAE-8A69-4BAA-8382-CF827B7A9B3C}"
EndProject
Project("{FAE04EC0-301F-11D3-BF4B-00C04F79EFBC}") = "Core.UnitTests", "test\UnitTests\Core.UnitTests\Core.UnitTests.csproj", "{AF103BE6-8CB5-4290-A50F-3EF5B94E8BAF}"
EndProject
Project("{FAE04EC0-301F-11D3-BF4B-00C04F79EFBC}") = "Application.UnitTests", "test\UnitTests\Application.UnitTests\Application.UnitTests.csproj", "{F3D79E92-7DAE-44DC-AA7D-104A31622127}"
EndProject
Project("{FAE04EC0-301F-11D3-BF4B-00C04F79EFBC}") = "Infrastructure.UnitTests", "test\UnitTests\Infrastructure.UnitTests\Infrastructure.UnitTests.csproj", "{39D564B8-50E3-443E-B711-BE6329675F9E}"
EndProject
Project("{2150E333-8FDC-42A3-9474-1A3956D46DE8}") = "IntegrationTests", "IntegrationTests", "{05A38A8A-BC8D-47B6-913C-1BA49E58B0F0}"
EndProject
Project("{FAE04EC0-301F-11D3-BF4B-00C04F79EFBC}") = "Database.IntegrationTests", "test\IntegrationTests\Database.IntegrationTests\Database.IntegrationTests.csproj", "{00C253D6-5401-49B0-8076-3C7D0C99C41C}"
EndProject
Project("{FAE04EC0-301F-11D3-BF4B-00C04F79EFBC}") = "Infrastructure.IntegrationTests", "test\IntegrationTests\Infrastructure.IntegrationTests\Infrastructure.IntegrationTests.csproj", "{FC01BDB1-0C40-4455-AE49-3D9E43710204}"
EndProject
Global
	GlobalSection(SolutionConfigurationPlatforms) = preSolution
		Debug|Any CPU = Debug|Any CPU
		Release|Any CPU = Release|Any CPU
	EndGlobalSection
	GlobalSection(SolutionProperties) = preSolution
		HideSolutionNode = FALSE
	EndGlobalSection
	GlobalSection(ProjectConfigurationPlatforms) = postSolution
		{DC9C8B23-EA74-4F1A-A3BA-4C7D4F2F503D}.Debug|Any CPU.ActiveCfg = Debug|Any CPU
		{DC9C8B23-EA74-4F1A-A3BA-4C7D4F2F503D}.Debug|Any CPU.Build.0 = Debug|Any CPU
		{DC9C8B23-EA74-4F1A-A3BA-4C7D4F2F503D}.Release|Any CPU.ActiveCfg = Release|Any CPU
		{DC9C8B23-EA74-4F1A-A3BA-4C7D4F2F503D}.Release|Any CPU.Build.0 = Release|Any CPU
		{B53C6FC8-6B88-40F0-8EE9-4D1FC381922B}.Debug|Any CPU.ActiveCfg = Debug|Any CPU
		{B53C6FC8-6B88-40F0-8EE9-4D1FC381922B}.Debug|Any CPU.Build.0 = Debug|Any CPU
		{B53C6FC8-6B88-40F0-8EE9-4D1FC381922B}.Release|Any CPU.ActiveCfg = Release|Any CPU
		{B53C6FC8-6B88-40F0-8EE9-4D1FC381922B}.Release|Any CPU.Build.0 = Release|Any CPU
		{FD9DD067-5ECE-4745-B6CE-4EF6E53B3CDA}.Debug|Any CPU.ActiveCfg = Debug|Any CPU
		{FD9DD067-5ECE-4745-B6CE-4EF6E53B3CDA}.Debug|Any CPU.Build.0 = Debug|Any CPU
		{FD9DD067-5ECE-4745-B6CE-4EF6E53B3CDA}.Release|Any CPU.ActiveCfg = Release|Any CPU
		{FD9DD067-5ECE-4745-B6CE-4EF6E53B3CDA}.Release|Any CPU.Build.0 = Release|Any CPU
		{E0DDF07E-C08A-4D45-A316-91F296756787}.Debug|Any CPU.ActiveCfg = Debug|Any CPU
		{E0DDF07E-C08A-4D45-A316-91F296756787}.Debug|Any CPU.Build.0 = Debug|Any CPU
		{E0DDF07E-C08A-4D45-A316-91F296756787}.Release|Any CPU.ActiveCfg = Release|Any CPU
		{E0DDF07E-C08A-4D45-A316-91F296756787}.Release|Any CPU.Build.0 = Release|Any CPU
		{AF103BE6-8CB5-4290-A50F-3EF5B94E8BAF}.Debug|Any CPU.ActiveCfg = Debug|Any CPU
		{AF103BE6-8CB5-4290-A50F-3EF5B94E8BAF}.Debug|Any CPU.Build.0 = Debug|Any CPU
		{AF103BE6-8CB5-4290-A50F-3EF5B94E8BAF}.Release|Any CPU.ActiveCfg = Release|Any CPU
		{AF103BE6-8CB5-4290-A50F-3EF5B94E8BAF}.Release|Any CPU.Build.0 = Release|Any CPU
		{F3D79E92-7DAE-44DC-AA7D-104A31622127}.Debug|Any CPU.ActiveCfg = Debug|Any CPU
		{F3D79E92-7DAE-44DC-AA7D-104A31622127}.Debug|Any CPU.Build.0 = Debug|Any CPU
		{F3D79E92-7DAE-44DC-AA7D-104A31622127}.Release|Any CPU.ActiveCfg = Release|Any CPU
		{F3D79E92-7DAE-44DC-AA7D-104A31622127}.Release|Any CPU.Build.0 = Release|Any CPU
		{39D564B8-50E3-443E-B711-BE6329675F9E}.Debug|Any CPU.ActiveCfg = Debug|Any CPU
		{39D564B8-50E3-443E-B711-BE6329675F9E}.Debug|Any CPU.Build.0 = Debug|Any CPU
		{39D564B8-50E3-443E-B711-BE6329675F9E}.Release|Any CPU.ActiveCfg = Release|Any CPU
		{39D564B8-50E3-443E-B711-BE6329675F9E}.Release|Any CPU.Build.0 = Release|Any CPU
		{00C253D6-5401-49B0-8076-3C7D0C99C41C}.Debug|Any CPU.ActiveCfg = Debug|Any CPU
		{00C253D6-5401-49B0-8076-3C7D0C99C41C}.Debug|Any CPU.Build.0 = Debug|Any CPU
		{00C253D6-5401-49B0-8076-3C7D0C99C41C}.Release|Any CPU.ActiveCfg = Release|Any CPU
		{00C253D6-5401-49B0-8076-3C7D0C99C41C}.Release|Any CPU.Build.0 = Release|Any CPU
		{FC01BDB1-0C40-4455-AE49-3D9E43710204}.Debug|Any CPU.ActiveCfg = Debug|Any CPU
		{FC01BDB1-0C40-4455-AE49-3D9E43710204}.Debug|Any CPU.Build.0 = Debug|Any CPU
		{FC01BDB1-0C40-4455-AE49-3D9E43710204}.Release|Any CPU.ActiveCfg = Release|Any CPU
		{FC01BDB1-0C40-4455-AE49-3D9E43710204}.Release|Any CPU.Build.0 = Release|Any CPU
	EndGlobalSection
	GlobalSection(NestedProjects) = preSolution
		{DC9C8B23-EA74-4F1A-A3BA-4C7D4F2F503D} = {4868DF29-3A83-435F-AFAA-BC648BAF1119}
		{B53C6FC8-6B88-40F0-8EE9-4D1FC381922B} = {4868DF29-3A83-435F-AFAA-BC648BAF1119}
		{FD9DD067-5ECE-4745-B6CE-4EF6E53B3CDA} = {4868DF29-3A83-435F-AFAA-BC648BAF1119}
		{E0DDF07E-C08A-4D45-A316-91F296756787} = {4868DF29-3A83-435F-AFAA-BC648BAF1119}
		{0600EEAE-8A69-4BAA-8382-CF827B7A9B3C} = {271BABCE-6A9A-4D37-8D1A-9F024964EB73}
		{AF103BE6-8CB5-4290-A50F-3EF5B94E8BAF} = {0600EEAE-8A69-4BAA-8382-CF827B7A9B3C}
		{F3D79E92-7DAE-44DC-AA7D-104A31622127} = {0600EEAE-8A69-4BAA-8382-CF827B7A9B3C}
		{39D564B8-50E3-443E-B711-BE6329675F9E} = {0600EEAE-8A69-4BAA-8382-CF827B7A9B3C}
		{05A38A8A-BC8D-47B6-913C-1BA49E58B0F0} = {271BABCE-6A9A-4D37-8D1A-9F024964EB73}
		{00C253D6-5401-49B0-8076-3C7D0C99C41C} = {05A38A8A-BC8D-47B6-913C-1BA49E58B0F0}
		{FC01BDB1-0C40-4455-AE49-3D9E43710204} = {05A38A8A-BC8D-47B6-913C-1BA49E58B0F0}
	EndGlobalSection
EndGlobal
